
Microsoft Visual Studio Solution File, Format Version 12.00
# Visual Studio Version 17
VisualStudioVersion = 17.0.31903.59
MinimumVisualStudioVersion = 10.0.40219.1
Project("{FAE04EC0-301F-11D3-BF4B-00C04F79EFBC}") = "FinancialPlanner.Domain", "FinancialPlanner.Domain\FinancialPlanner.Domain.csproj", "{2BF70E85-49C5-4EA3-A683-6CD1BAD63BA7}"
EndProject
Project("{FAE04EC0-301F-11D3-BF4B-00C04F79EFBC}") = "FinancialPlanner.Application", "FinancialPlanner.Application\FinancialPlanner.Application.csproj", "{BE8F124C-DCC7-46FA-B83B-E1F861A9AC8D}"
EndProject
Project("{FAE04EC0-301F-11D3-BF4B-00C04F79EFBC}") = "FinancialPlanner.Infrastructure", "FinancialPlanner.Infrastructure\FinancialPlanner.Infrastructure.csproj", "{5D5E3F75-75D2-4778-AD44-230C0292DD69}"
EndProject
Project("{FAE04EC0-301F-11D3-BF4B-00C04F79EFBC}") = "FinancialPlanner.Api", "FinancialPlanner.Api\FinancialPlanner.Api.csproj", "{5772513F-E46B-4CFE-AC2C-FE41169783E4}"
EndProject
Project("{FAE04EC0-301F-11D3-BF4B-00C04F79EFBC}") = "FinancialPlanner.Maui", "FinancialPlanner.Maui\FinancialPlanner.Maui.csproj", "{437DE266-2552-4AC3-88AC-07FC43636558}"
EndProject
Global
	GlobalSection(SolutionConfigurationPlatforms) = preSolution
		Debug|Any CPU = Debug|Any CPU
		Debug|x64 = Debug|x64
		Debug|x86 = Debug|x86
		Release|Any CPU = Release|Any CPU
		Release|x64 = Release|x64
		Release|x86 = Release|x86
	EndGlobalSection
	GlobalSection(ProjectConfigurationPlatforms) = postSolution
		{2BF70E85-49C5-4EA3-A683-6CD1BAD63BA7}.Debug|Any CPU.ActiveCfg = Debug|Any CPU
		{2BF70E85-49C5-4EA3-A683-6CD1BAD63BA7}.Debug|Any CPU.Build.0 = Debug|Any CPU
		{2BF70E85-49C5-4EA3-A683-6CD1BAD63BA7}.Debug|x64.ActiveCfg = Debug|Any CPU
		{2BF70E85-49C5-4EA3-A683-6CD1BAD63BA7}.Debug|x64.Build.0 = Debug|Any CPU
		{2BF70E85-49C5-4EA3-A683-6CD1BAD63BA7}.Debug|x86.ActiveCfg = Debug|Any CPU
		{2BF70E85-49C5-4EA3-A683-6CD1BAD63BA7}.Debug|x86.Build.0 = Debug|Any CPU
		{2BF70E85-49C5-4EA3-A683-6CD1BAD63BA7}.Release|Any CPU.ActiveCfg = Release|Any CPU
		{2BF70E85-49C5-4EA3-A683-6CD1BAD63BA7}.Release|Any CPU.Build.0 = Release|Any CPU
		{2BF70E85-49C5-4EA3-A683-6CD1BAD63BA7}.Release|x64.ActiveCfg = Release|Any CPU
		{2BF70E85-49C5-4EA3-A683-6CD1BAD63BA7}.Release|x64.Build.0 = Release|Any CPU
		{2BF70E85-49C5-4EA3-A683-6CD1BAD63BA7}.Release|x86.ActiveCfg = Release|Any CPU
		{2BF70E85-49C5-4EA3-A683-6CD1BAD63BA7}.Release|x86.Build.0 = Release|Any CPU
		{BE8F124C-DCC7-46FA-B83B-E1F861A9AC8D}.Debug|Any CPU.ActiveCfg = Debug|Any CPU
		{BE8F124C-DCC7-46FA-B83B-E1F861A9AC8D}.Debug|Any CPU.Build.0 = Debug|Any CPU
		{BE8F124C-DCC7-46FA-B83B-E1F861A9AC8D}.Debug|x64.ActiveCfg = Debug|Any CPU
		{BE8F124C-DCC7-46FA-B83B-E1F861A9AC8D}.Debug|x64.Build.0 = Debug|Any CPU
		{BE8F124C-DCC7-46FA-B83B-E1F861A9AC8D}.Debug|x86.ActiveCfg = Debug|Any CPU
		{BE8F124C-DCC7-46FA-B83B-E1F861A9AC8D}.Debug|x86.Build.0 = Debug|Any CPU
		{BE8F124C-DCC7-46FA-B83B-E1F861A9AC8D}.Release|Any CPU.ActiveCfg = Release|Any CPU
		{BE8F124C-DCC7-46FA-B83B-E1F861A9AC8D}.Release|Any CPU.Build.0 = Release|Any CPU
		{BE8F124C-DCC7-46FA-B83B-E1F861A9AC8D}.Release|x64.ActiveCfg = Release|Any CPU
		{BE8F124C-DCC7-46FA-B83B-E1F861A9AC8D}.Release|x64.Build.0 = Release|Any CPU
		{BE8F124C-DCC7-46FA-B83B-E1F861A9AC8D}.Release|x86.ActiveCfg = Release|Any CPU
		{BE8F124C-DCC7-46FA-B83B-E1F861A9AC8D}.Release|x86.Build.0 = Release|Any CPU
		{5D5E3F75-75D2-4778-AD44-230C0292DD69}.Debug|Any CPU.ActiveCfg = Debug|Any CPU
		{5D5E3F75-75D2-4778-AD44-230C0292DD69}.Debug|Any CPU.Build.0 = Debug|Any CPU
		{5D5E3F75-75D2-4778-AD44-230C0292DD69}.Debug|x64.ActiveCfg = Debug|Any CPU
		{5D5E3F75-75D2-4778-AD44-230C0292DD69}.Debug|x64.Build.0 = Debug|Any CPU
		{5D5E3F75-75D2-4778-AD44-230C0292DD69}.Debug|x86.ActiveCfg = Debug|Any CPU
		{5D5E3F75-75D2-4778-AD44-230C0292DD69}.Debug|x86.Build.0 = Debug|Any CPU
		{5D5E3F75-75D2-4778-AD44-230C0292DD69}.Release|Any CPU.ActiveCfg = Release|Any CPU
		{5D5E3F75-75D2-4778-AD44-230C0292DD69}.Release|Any CPU.Build.0 = Release|Any CPU
		{5D5E3F75-75D2-4778-AD44-230C0292DD69}.Release|x64.ActiveCfg = Release|Any CPU
		{5D5E3F75-75D2-4778-AD44-230C0292DD69}.Release|x64.Build.0 = Release|Any CPU
		{5D5E3F75-75D2-4778-AD44-230C0292DD69}.Release|x86.ActiveCfg = Release|Any CPU
		{5D5E3F75-75D2-4778-AD44-230C0292DD69}.Release|x86.Build.0 = Release|Any CPU
		{5772513F-E46B-4CFE-AC2C-FE41169783E4}.Debug|Any CPU.ActiveCfg = Debug|Any CPU
		{5772513F-E46B-4CFE-AC2C-FE41169783E4}.Debug|Any CPU.Build.0 = Debug|Any CPU
		{5772513F-E46B-4CFE-AC2C-FE41169783E4}.Debug|x64.ActiveCfg = Debug|Any CPU
		{5772513F-E46B-4CFE-AC2C-FE41169783E4}.Debug|x64.Build.0 = Debug|Any CPU
		{5772513F-E46B-4CFE-AC2C-FE41169783E4}.Debug|x86.ActiveCfg = Debug|Any CPU
		{5772513F-E46B-4CFE-AC2C-FE41169783E4}.Debug|x86.Build.0 = Debug|Any CPU
		{5772513F-E46B-4CFE-AC2C-FE41169783E4}.Release|Any CPU.ActiveCfg = Release|Any CPU
		{5772513F-E46B-4CFE-AC2C-FE41169783E4}.Release|Any CPU.Build.0 = Release|Any CPU
		{5772513F-E46B-4CFE-AC2C-FE41169783E4}.Release|x64.ActiveCfg = Release|Any CPU
		{5772513F-E46B-4CFE-AC2C-FE41169783E4}.Release|x64.Build.0 = Release|Any CPU
		{5772513F-E46B-4CFE-AC2C-FE41169783E4}.Release|x86.ActiveCfg = Release|Any CPU
		{5772513F-E46B-4CFE-AC2C-FE41169783E4}.Release|x86.Build.0 = Release|Any CPU
		{437DE266-2552-4AC3-88AC-07FC43636558}.Debug|Any CPU.ActiveCfg = Debug|Any CPU
		{437DE266-2552-4AC3-88AC-07FC43636558}.Debug|Any CPU.Build.0 = Debug|Any CPU
		{437DE266-2552-4AC3-88AC-07FC43636558}.Debug|x64.ActiveCfg = Debug|Any CPU
		{437DE266-2552-4AC3-88AC-07FC43636558}.Debug|x64.Build.0 = Debug|Any CPU
		{437DE266-2552-4AC3-88AC-07FC43636558}.Debug|x86.ActiveCfg = Debug|Any CPU
		{437DE266-2552-4AC3-88AC-07FC43636558}.Debug|x86.Build.0 = Debug|Any CPU
		{437DE266-2552-4AC3-88AC-07FC43636558}.Release|Any CPU.ActiveCfg = Release|Any CPU
		{437DE266-2552-4AC3-88AC-07FC43636558}.Release|Any CPU.Build.0 = Release|Any CPU
		{437DE266-2552-4AC3-88AC-07FC43636558}.Release|x64.ActiveCfg = Release|Any CPU
		{437DE266-2552-4AC3-88AC-07FC43636558}.Release|x64.Build.0 = Release|Any CPU
		{437DE266-2552-4AC3-88AC-07FC43636558}.Release|x86.ActiveCfg = Release|Any CPU
		{437DE266-2552-4AC3-88AC-07FC43636558}.Release|x86.Build.0 = Release|Any CPU
	EndGlobalSection
	GlobalSection(SolutionProperties) = preSolution
		HideSolutionNode = FALSE
	EndGlobalSection
EndGlobal
